
Microsoft Visual Studio Solution File, Format Version 12.00
# Visual Studio 2013
VisualStudioVersion = 12.0.31101.0
MinimumVisualStudioVersion = 10.0.40219.1
Project("{FAE04EC0-301F-11D3-BF4B-00C04F79EFBC}") = "NationBuilderClient", "NationBuilderClient\NationBuilderClient.csproj", "{676D3359-9C5B-48BE-8561-A3FD677141F6}"
EndProject
Project("{FAE04EC0-301F-11D3-BF4B-00C04F79EFBC}") = "Samples", "Samples\Samples.csproj", "{0C6B9BD9-AA6A-4CF9-8D0D-C8FE509861DF}"
EndProject
Global
	GlobalSection(SolutionConfigurationPlatforms) = preSolution
		Debug|Any CPU = Debug|Any CPU
		Release|Any CPU = Release|Any CPU
	EndGlobalSection
	GlobalSection(ProjectConfigurationPlatforms) = postSolution
		{676D3359-9C5B-48BE-8561-A3FD677141F6}.Debug|Any CPU.ActiveCfg = Debug|Any CPU
		{676D3359-9C5B-48BE-8561-A3FD677141F6}.Debug|Any CPU.Build.0 = Debug|Any CPU
		{676D3359-9C5B-48BE-8561-A3FD677141F6}.Release|Any CPU.ActiveCfg = Release|Any CPU
		{676D3359-9C5B-48BE-8561-A3FD677141F6}.Release|Any CPU.Build.0 = Release|Any CPU
		{0C6B9BD9-AA6A-4CF9-8D0D-C8FE509861DF}.Debug|Any CPU.ActiveCfg = Debug|Any CPU
		{0C6B9BD9-AA6A-4CF9-8D0D-C8FE509861DF}.Debug|Any CPU.Build.0 = Debug|Any CPU
		{0C6B9BD9-AA6A-4CF9-8D0D-C8FE509861DF}.Release|Any CPU.ActiveCfg = Release|Any CPU
		{0C6B9BD9-AA6A-4CF9-8D0D-C8FE509861DF}.Release|Any CPU.Build.0 = Release|Any CPU
	EndGlobalSection
	GlobalSection(SolutionProperties) = preSolution
		HideSolutionNode = FALSE
	EndGlobalSection
EndGlobal
